
Microsoft Visual Studio Solution File, Format Version 12.00
# Visual Studio Version 17
VisualStudioVersion = 17.5.33516.290
MinimumVisualStudioVersion = 10.0.40219.1
Project("{FAE04EC0-301F-11D3-BF4B-00C04F79EFBC}") = "11_horasvalidas", "11_horasvalidas\11_horasvalidas.csproj", "{7F98762C-9CC5-465E-9EFB-D14437B61240}"
EndProject
Global
	GlobalSection(SolutionConfigurationPlatforms) = preSolution
		Debug|Any CPU = Debug|Any CPU
		Release|Any CPU = Release|Any CPU
	EndGlobalSection
	GlobalSection(ProjectConfigurationPlatforms) = postSolution
		{7F98762C-9CC5-465E-9EFB-D14437B61240}.Debug|Any CPU.ActiveCfg = Debug|Any CPU
		{7F98762C-9CC5-465E-9EFB-D14437B61240}.Debug|Any CPU.Build.0 = Debug|Any CPU
		{7F98762C-9CC5-465E-9EFB-D14437B61240}.Release|Any CPU.ActiveCfg = Release|Any CPU
		{7F98762C-9CC5-465E-9EFB-D14437B61240}.Release|Any CPU.Build.0 = Release|Any CPU
	EndGlobalSection
	GlobalSection(SolutionProperties) = preSolution
		HideSolutionNode = FALSE
	EndGlobalSection
	GlobalSection(ExtensibilityGlobals) = postSolution
		SolutionGuid = {C995B9E4-3B24-4FC3-AE24-39C75EE6ACB3}
	EndGlobalSection
EndGlobal
