
Microsoft Visual Studio Solution File, Format Version 12.00
# Visual Studio Version 17
VisualStudioVersion = 17.5.33516.290
MinimumVisualStudioVersion = 10.0.40219.1
Project("{FAE04EC0-301F-11D3-BF4B-00C04F79EFBC}") = "if_6", "if_6\if_6.csproj", "{A843D046-435B-4444-9289-A8887BBC6048}"
EndProject
Global
	GlobalSection(SolutionConfigurationPlatforms) = preSolution
		Debug|Any CPU = Debug|Any CPU
		Release|Any CPU = Release|Any CPU
	EndGlobalSection
	GlobalSection(ProjectConfigurationPlatforms) = postSolution
		{A843D046-435B-4444-9289-A8887BBC6048}.Debug|Any CPU.ActiveCfg = Debug|Any CPU
		{A843D046-435B-4444-9289-A8887BBC6048}.Debug|Any CPU.Build.0 = Debug|Any CPU
		{A843D046-435B-4444-9289-A8887BBC6048}.Release|Any CPU.ActiveCfg = Release|Any CPU
		{A843D046-435B-4444-9289-A8887BBC6048}.Release|Any CPU.Build.0 = Release|Any CPU
	EndGlobalSection
	GlobalSection(SolutionProperties) = preSolution
		HideSolutionNode = FALSE
	EndGlobalSection
	GlobalSection(ExtensibilityGlobals) = postSolution
		SolutionGuid = {343C934B-28AB-4972-B05D-3E45D12885D8}
	EndGlobalSection
EndGlobal
