
Microsoft Visual Studio Solution File, Format Version 12.00
# Visual Studio Version 17
VisualStudioVersion = 17.5.33516.290
MinimumVisualStudioVersion = 10.0.40219.1
Project("{FAE04EC0-301F-11D3-BF4B-00C04F79EFBC}") = "fatorial", "fatorial\fatorial.csproj", "{388FCC82-1A32-4C31-A318-56D4747192E3}"
EndProject
Global
	GlobalSection(SolutionConfigurationPlatforms) = preSolution
		Debug|Any CPU = Debug|Any CPU
		Release|Any CPU = Release|Any CPU
	EndGlobalSection
	GlobalSection(ProjectConfigurationPlatforms) = postSolution
		{388FCC82-1A32-4C31-A318-56D4747192E3}.Debug|Any CPU.ActiveCfg = Debug|Any CPU
		{388FCC82-1A32-4C31-A318-56D4747192E3}.Debug|Any CPU.Build.0 = Debug|Any CPU
		{388FCC82-1A32-4C31-A318-56D4747192E3}.Release|Any CPU.ActiveCfg = Release|Any CPU
		{388FCC82-1A32-4C31-A318-56D4747192E3}.Release|Any CPU.Build.0 = Release|Any CPU
	EndGlobalSection
	GlobalSection(SolutionProperties) = preSolution
		HideSolutionNode = FALSE
	EndGlobalSection
	GlobalSection(ExtensibilityGlobals) = postSolution
		SolutionGuid = {F5CD37B1-ECA4-479C-AB38-BCD956822B25}
	EndGlobalSection
EndGlobal
