
Microsoft Visual Studio Solution File, Format Version 12.00
# Visual Studio Version 17
VisualStudioVersion = 17.5.33516.290
MinimumVisualStudioVersion = 10.0.40219.1
Project("{FAE04EC0-301F-11D3-BF4B-00C04F79EFBC}") = "13_lojadebike", "13_lojadebike\13_lojadebike.csproj", "{416F83E2-A81E-49A0-9EE9-1E9173AC0353}"
EndProject
Global
	GlobalSection(SolutionConfigurationPlatforms) = preSolution
		Debug|Any CPU = Debug|Any CPU
		Release|Any CPU = Release|Any CPU
	EndGlobalSection
	GlobalSection(ProjectConfigurationPlatforms) = postSolution
		{416F83E2-A81E-49A0-9EE9-1E9173AC0353}.Debug|Any CPU.ActiveCfg = Debug|Any CPU
		{416F83E2-A81E-49A0-9EE9-1E9173AC0353}.Debug|Any CPU.Build.0 = Debug|Any CPU
		{416F83E2-A81E-49A0-9EE9-1E9173AC0353}.Release|Any CPU.ActiveCfg = Release|Any CPU
		{416F83E2-A81E-49A0-9EE9-1E9173AC0353}.Release|Any CPU.Build.0 = Release|Any CPU
	EndGlobalSection
	GlobalSection(SolutionProperties) = preSolution
		HideSolutionNode = FALSE
	EndGlobalSection
	GlobalSection(ExtensibilityGlobals) = postSolution
		SolutionGuid = {99D77110-10F5-437D-8593-B5EF27F5EF58}
	EndGlobalSection
EndGlobal
