
Microsoft Visual Studio Solution File, Format Version 12.00
# Visual Studio Version 17
VisualStudioVersion = 17.5.33516.290
MinimumVisualStudioVersion = 10.0.40219.1
Project("{FAE04EC0-301F-11D3-BF4B-00C04F79EFBC}") = "exercicio8", "exercicio8\exercicio8.csproj", "{B9C7338E-6175-42E6-8B34-17ED4EE72193}"
EndProject
Global
	GlobalSection(SolutionConfigurationPlatforms) = preSolution
		Debug|Any CPU = Debug|Any CPU
		Release|Any CPU = Release|Any CPU
	EndGlobalSection
	GlobalSection(ProjectConfigurationPlatforms) = postSolution
		{B9C7338E-6175-42E6-8B34-17ED4EE72193}.Debug|Any CPU.ActiveCfg = Debug|Any CPU
		{B9C7338E-6175-42E6-8B34-17ED4EE72193}.Debug|Any CPU.Build.0 = Debug|Any CPU
		{B9C7338E-6175-42E6-8B34-17ED4EE72193}.Release|Any CPU.ActiveCfg = Release|Any CPU
		{B9C7338E-6175-42E6-8B34-17ED4EE72193}.Release|Any CPU.Build.0 = Release|Any CPU
	EndGlobalSection
	GlobalSection(SolutionProperties) = preSolution
		HideSolutionNode = FALSE
	EndGlobalSection
	GlobalSection(ExtensibilityGlobals) = postSolution
		SolutionGuid = {51CDAA60-0647-4947-B3A2-6CD37F2D3328}
	EndGlobalSection
EndGlobal
