
Microsoft Visual Studio Solution File, Format Version 12.00
# Visual Studio Version 17
VisualStudioVersion = 17.5.33516.290
MinimumVisualStudioVersion = 10.0.40219.1
Project("{FAE04EC0-301F-11D3-BF4B-00C04F79EFBC}") = "matriz_1", "matriz_1\matriz_1.csproj", "{29FA5DE7-0F8B-4C28-9DB4-D88AC5F3249B}"
EndProject
Global
	GlobalSection(SolutionConfigurationPlatforms) = preSolution
		Debug|Any CPU = Debug|Any CPU
		Release|Any CPU = Release|Any CPU
	EndGlobalSection
	GlobalSection(ProjectConfigurationPlatforms) = postSolution
		{29FA5DE7-0F8B-4C28-9DB4-D88AC5F3249B}.Debug|Any CPU.ActiveCfg = Debug|Any CPU
		{29FA5DE7-0F8B-4C28-9DB4-D88AC5F3249B}.Debug|Any CPU.Build.0 = Debug|Any CPU
		{29FA5DE7-0F8B-4C28-9DB4-D88AC5F3249B}.Release|Any CPU.ActiveCfg = Release|Any CPU
		{29FA5DE7-0F8B-4C28-9DB4-D88AC5F3249B}.Release|Any CPU.Build.0 = Release|Any CPU
	EndGlobalSection
	GlobalSection(SolutionProperties) = preSolution
		HideSolutionNode = FALSE
	EndGlobalSection
	GlobalSection(ExtensibilityGlobals) = postSolution
		SolutionGuid = {BADB74A6-234A-453F-BA0A-E1A4283900AC}
	EndGlobalSection
EndGlobal
