
Microsoft Visual Studio Solution File, Format Version 12.00
# Visual Studio Version 17
VisualStudioVersion = 17.5.33516.290
MinimumVisualStudioVersion = 10.0.40219.1
Project("{FAE04EC0-301F-11D3-BF4B-00C04F79EFBC}") = "while_2", "while_2\while_2.csproj", "{BFEF0CC0-900B-4648-A78F-894B319804D0}"
EndProject
Global
	GlobalSection(SolutionConfigurationPlatforms) = preSolution
		Debug|Any CPU = Debug|Any CPU
		Release|Any CPU = Release|Any CPU
	EndGlobalSection
	GlobalSection(ProjectConfigurationPlatforms) = postSolution
		{BFEF0CC0-900B-4648-A78F-894B319804D0}.Debug|Any CPU.ActiveCfg = Debug|Any CPU
		{BFEF0CC0-900B-4648-A78F-894B319804D0}.Debug|Any CPU.Build.0 = Debug|Any CPU
		{BFEF0CC0-900B-4648-A78F-894B319804D0}.Release|Any CPU.ActiveCfg = Release|Any CPU
		{BFEF0CC0-900B-4648-A78F-894B319804D0}.Release|Any CPU.Build.0 = Release|Any CPU
	EndGlobalSection
	GlobalSection(SolutionProperties) = preSolution
		HideSolutionNode = FALSE
	EndGlobalSection
	GlobalSection(ExtensibilityGlobals) = postSolution
		SolutionGuid = {B5B276AC-DB70-48AD-A2C6-B3D9D49468B2}
	EndGlobalSection
EndGlobal
