
Microsoft Visual Studio Solution File, Format Version 12.00
# Visual Studio Version 17
VisualStudioVersion = 17.5.33516.290
MinimumVisualStudioVersion = 10.0.40219.1
Project("{FAE04EC0-301F-11D3-BF4B-00C04F79EFBC}") = "vetor_1", "vetor_1\vetor_1.csproj", "{A7705D26-CF5A-4A7E-9B09-DEE7188E852F}"
EndProject
Global
	GlobalSection(SolutionConfigurationPlatforms) = preSolution
		Debug|Any CPU = Debug|Any CPU
		Release|Any CPU = Release|Any CPU
	EndGlobalSection
	GlobalSection(ProjectConfigurationPlatforms) = postSolution
		{A7705D26-CF5A-4A7E-9B09-DEE7188E852F}.Debug|Any CPU.ActiveCfg = Debug|Any CPU
		{A7705D26-CF5A-4A7E-9B09-DEE7188E852F}.Debug|Any CPU.Build.0 = Debug|Any CPU
		{A7705D26-CF5A-4A7E-9B09-DEE7188E852F}.Release|Any CPU.ActiveCfg = Release|Any CPU
		{A7705D26-CF5A-4A7E-9B09-DEE7188E852F}.Release|Any CPU.Build.0 = Release|Any CPU
	EndGlobalSection
	GlobalSection(SolutionProperties) = preSolution
		HideSolutionNode = FALSE
	EndGlobalSection
	GlobalSection(ExtensibilityGlobals) = postSolution
		SolutionGuid = {2B200D26-9237-49A0-A9A2-69C9042E03DC}
	EndGlobalSection
EndGlobal
