
Microsoft Visual Studio Solution File, Format Version 12.00
# Visual Studio Version 17
VisualStudioVersion = 17.5.33516.290
MinimumVisualStudioVersion = 10.0.40219.1
Project("{FAE04EC0-301F-11D3-BF4B-00C04F79EFBC}") = "Jogo_da_Velha", "Jogo_da_Velha\Jogo_da_Velha.csproj", "{F69F8AC7-F850-4839-817D-0C0392776532}"
EndProject
Global
	GlobalSection(SolutionConfigurationPlatforms) = preSolution
		Debug|Any CPU = Debug|Any CPU
		Release|Any CPU = Release|Any CPU
	EndGlobalSection
	GlobalSection(ProjectConfigurationPlatforms) = postSolution
		{F69F8AC7-F850-4839-817D-0C0392776532}.Debug|Any CPU.ActiveCfg = Debug|Any CPU
		{F69F8AC7-F850-4839-817D-0C0392776532}.Debug|Any CPU.Build.0 = Debug|Any CPU
		{F69F8AC7-F850-4839-817D-0C0392776532}.Release|Any CPU.ActiveCfg = Release|Any CPU
		{F69F8AC7-F850-4839-817D-0C0392776532}.Release|Any CPU.Build.0 = Release|Any CPU
	EndGlobalSection
	GlobalSection(SolutionProperties) = preSolution
		HideSolutionNode = FALSE
	EndGlobalSection
	GlobalSection(ExtensibilityGlobals) = postSolution
		SolutionGuid = {301E6392-6E4E-4710-B1EA-BD2779321064}
	EndGlobalSection
EndGlobal
